
Microsoft Visual Studio Solution File, Format Version 12.00
# Visual Studio Version 16
VisualStudioVersion = 16.0.30711.63
MinimumVisualStudioVersion = 10.0.40219.1
Project("{FAE04EC0-301F-11D3-BF4B-00C04F79EFBC}") = "OdeToFood.Web", "OdeToFood.Web\OdeToFood.Web.csproj", "{AAF48D30-2727-4F81-AD53-9C7F03DFA661}"
EndProject
Project("{FAE04EC0-301F-11D3-BF4B-00C04F79EFBC}") = "OdeToFood.Data", "OdeToFood.Data\OdeToFood.Data.csproj", "{4FD4A1CB-09A8-4D11-AB49-082392034600}"
EndProject
Global
	GlobalSection(SolutionConfigurationPlatforms) = preSolution
		Debug|Any CPU = Debug|Any CPU
		Release|Any CPU = Release|Any CPU
	EndGlobalSection
	GlobalSection(ProjectConfigurationPlatforms) = postSolution
		{AAF48D30-2727-4F81-AD53-9C7F03DFA661}.Debug|Any CPU.ActiveCfg = Debug|Any CPU
		{AAF48D30-2727-4F81-AD53-9C7F03DFA661}.Debug|Any CPU.Build.0 = Debug|Any CPU
		{AAF48D30-2727-4F81-AD53-9C7F03DFA661}.Release|Any CPU.ActiveCfg = Release|Any CPU
		{AAF48D30-2727-4F81-AD53-9C7F03DFA661}.Release|Any CPU.Build.0 = Release|Any CPU
		{4FD4A1CB-09A8-4D11-AB49-082392034600}.Debug|Any CPU.ActiveCfg = Debug|Any CPU
		{4FD4A1CB-09A8-4D11-AB49-082392034600}.Debug|Any CPU.Build.0 = Debug|Any CPU
		{4FD4A1CB-09A8-4D11-AB49-082392034600}.Release|Any CPU.ActiveCfg = Release|Any CPU
		{4FD4A1CB-09A8-4D11-AB49-082392034600}.Release|Any CPU.Build.0 = Release|Any CPU
	EndGlobalSection
	GlobalSection(SolutionProperties) = preSolution
		HideSolutionNode = FALSE
	EndGlobalSection
	GlobalSection(ExtensibilityGlobals) = postSolution
		SolutionGuid = {5FF0557F-A77A-4EC8-AB58-C070776B1975}
	EndGlobalSection
EndGlobal
